// !$*UTF8*$!
{
	archiveVersion = 1;
	classes = {
	};
	objectVersion = 50;
	objects = {

/* Begin PBXBuildFile section */
		4BC7F82B22AEA1400033F1B7 /* AppDelegate.swift in Sources */ = {isa = PBXBuildFile; fileRef = 4BC7F82A22AEA1400033F1B7 /* AppDelegate.swift */; };
		4BC7F82D22AEA1400033F1B7 /* ViewController.swift in Sources */ = {isa = PBXBuildFile; fileRef = 4BC7F82C22AEA1400033F1B7 /* ViewController.swift */; };
		4BC7F83022AEA1400033F1B7 /* Main.storyboard in Resources */ = {isa = PBXBuildFile; fileRef = 4BC7F82E22AEA1400033F1B7 /* Main.storyboard */; };
		4BC7F83522AEA1420033F1B7 /* LaunchScreen.storyboard in Resources */ = {isa = PBXBuildFile; fileRef = 4BC7F83322AEA1420033F1B7 /* LaunchScreen.storyboard */; };
		4BC7F84022AEA1420033F1B7 /* fleshTests.swift in Sources */ = {isa = PBXBuildFile; fileRef = 4BC7F83F22AEA1420033F1B7 /* fleshTests.swift */; };
		4BC7F84B22AEA1420033F1B7 /* fleshUITests.swift in Sources */ = {isa = PBXBuildFile; fileRef = 4BC7F84A22AEA1420033F1B7 /* fleshUITests.swift */; };
		4BDBC0D822AEA8CE0018E1BD /* Images.xcassets in Resources */ = {isa = PBXBuildFile; fileRef = 4BDBC0D722AEA8CE0018E1BD /* Images.xcassets */; };
/* End PBXBuildFile section */

/* Begin PBXContainerItemProxy section */
		4BC7F83C22AEA1420033F1B7 /* PBXContainerItemProxy */ = {
			isa = PBXContainerItemProxy;
			containerPortal = 4BC7F81F22AEA1400033F1B7 /* Project object */;
			proxyType = 1;
			remoteGlobalIDString = 4BC7F82622AEA1400033F1B7;
			remoteInfo = flesh;
		};
		4BC7F84722AEA1420033F1B7 /* PBXContainerItemProxy */ = {
			isa = PBXContainerItemProxy;
			containerPortal = 4BC7F81F22AEA1400033F1B7 /* Project object */;
			proxyType = 1;
			remoteGlobalIDString = 4BC7F82622AEA1400033F1B7;
			remoteInfo = flesh;
		};
/* End PBXContainerItemProxy section */

/* Begin PBXFileReference section */
		4BC7F82722AEA1400033F1B7 /* flesh.app */ = {isa = PBXFileReference; explicitFileType = wrapper.application; includeInIndex = 0; path = flesh.app; sourceTree = BUILT_PRODUCTS_DIR; };
		4BC7F82A22AEA1400033F1B7 /* AppDelegate.swift */ = {isa = PBXFileReference; lastKnownFileType = sourcecode.swift; path = AppDelegate.swift; sourceTree = "<group>"; };
		4BC7F82C22AEA1400033F1B7 /* ViewController.swift */ = {isa = PBXFileReference; lastKnownFileType = sourcecode.swift; path = ViewController.swift; sourceTree = "<group>"; };
		4BC7F82F22AEA1400033F1B7 /* Base */ = {isa = PBXFileReference; lastKnownFileType = file.storyboard; name = Base; path = Base.lproj/Main.storyboard; sourceTree = "<group>"; };
		4BC7F83422AEA1420033F1B7 /* Base */ = {isa = PBXFileReference; lastKnownFileType = file.storyboard; name = Base; path = Base.lproj/LaunchScreen.storyboard; sourceTree = "<group>"; };
		4BC7F83622AEA1420033F1B7 /* Info.plist */ = {isa = PBXFileReference; lastKnownFileType = text.plist.xml; path = Info.plist; sourceTree = "<group>"; };
		4BC7F83B22AEA1420033F1B7 /* fleshTests.xctest */ = {isa = PBXFileReference; explicitFileType = wrapper.cfbundle; includeInIndex = 0; path = fleshTests.xctest; sourceTree = BUILT_PRODUCTS_DIR; };
		4BC7F83F22AEA1420033F1B7 /* fleshTests.swift */ = {isa = PBXFileReference; lastKnownFileType = sourcecode.swift; path = fleshTests.swift; sourceTree = "<group>"; };
		4BC7F84122AEA1420033F1B7 /* Info.plist */ = {isa = PBXFileReference; lastKnownFileType = text.plist.xml; path = Info.plist; sourceTree = "<group>"; };
		4BC7F84622AEA1420033F1B7 /* fleshUITests.xctest */ = {isa = PBXFileReference; explicitFileType = wrapper.cfbundle; includeInIndex = 0; path = fleshUITests.xctest; sourceTree = BUILT_PRODUCTS_DIR; };
		4BC7F84A22AEA1420033F1B7 /* fleshUITests.swift */ = {isa = PBXFileReference; lastKnownFileType = sourcecode.swift; path = fleshUITests.swift; sourceTree = "<group>"; };
		4BC7F84C22AEA1420033F1B7 /* Info.plist */ = {isa = PBXFileReference; lastKnownFileType = text.plist.xml; path = Info.plist; sourceTree = "<group>"; };
		4BDBC0D722AEA8CE0018E1BD /* Images.xcassets */ = {isa = PBXFileReference; lastKnownFileType = folder.assetcatalog; path = Images.xcassets; sourceTree = "<group>"; };
/* End PBXFileReference section */

/* Begin PBXFrameworksBuildPhase section */
		4BC7F82422AEA1400033F1B7 /* Frameworks */ = {
			isa = PBXFrameworksBuildPhase;
			buildActionMask = 2147483647;
			files = (
			);
			runOnlyForDeploymentPostprocessing = 0;
		};
		4BC7F83822AEA1420033F1B7 /* Frameworks */ = {
			isa = PBXFrameworksBuildPhase;
			buildActionMask = 2147483647;
			files = (
			);
			runOnlyForDeploymentPostprocessing = 0;
		};
		4BC7F84322AEA1420033F1B7 /* Frameworks */ = {
			isa = PBXFrameworksBuildPhase;
			buildActionMask = 2147483647;
			files = (
			);
			runOnlyForDeploymentPostprocessing = 0;
		};
/* End PBXFrameworksBuildPhase section */

/* Begin PBXGroup section */
		4BC7F81E22AEA1400033F1B7 = {
			isa = PBXGroup;
			children = (
				4BC7F82922AEA1400033F1B7 /* flesh */,
				4BC7F83E22AEA1420033F1B7 /* fleshTests */,
				4BC7F84922AEA1420033F1B7 /* fleshUITests */,
				4BC7F82822AEA1400033F1B7 /* Products */,
			);
			sourceTree = "<group>";
		};
		4BC7F82822AEA1400033F1B7 /* Products */ = {
			isa = PBXGroup;
			children = (
				4BC7F82722AEA1400033F1B7 /* flesh.app */,
				4BC7F83B22AEA1420033F1B7 /* fleshTests.xctest */,
				4BC7F84622AEA1420033F1B7 /* fleshUITests.xctest */,
			);
			name = Products;
			sourceTree = "<group>";
		};
		4BC7F82922AEA1400033F1B7 /* flesh */ = {
			isa = PBXGroup;
			children = (
				4BC7F82A22AEA1400033F1B7 /* AppDelegate.swift */,
				4BC7F82C22AEA1400033F1B7 /* ViewController.swift */,
				4BC7F82E22AEA1400033F1B7 /* Main.storyboard */,
				4BC7F83322AEA1420033F1B7 /* LaunchScreen.storyboard */,
				4BC7F83622AEA1420033F1B7 /* Info.plist */,
				4BDBC0D722AEA8CE0018E1BD /* Images.xcassets */,
			);
			path = flesh;
			sourceTree = "<group>";
		};
		4BC7F83E22AEA1420033F1B7 /* fleshTests */ = {
			isa = PBXGroup;
			children = (
				4BC7F83F22AEA1420033F1B7 /* fleshTests.swift */,
				4BC7F84122AEA1420033F1B7 /* Info.plist */,
			);
			path = fleshTests;
			sourceTree = "<group>";
		};
		4BC7F84922AEA1420033F1B7 /* fleshUITests */ = {
			isa = PBXGroup;
			children = (
				4BC7F84A22AEA1420033F1B7 /* fleshUITests.swift */,
				4BC7F84C22AEA1420033F1B7 /* Info.plist */,
			);
			path = fleshUITests;
			sourceTree = "<group>";
		};
/* End PBXGroup section */

/* Begin PBXNativeTarget section */
		4BC7F82622AEA1400033F1B7 /* flesh */ = {
			isa = PBXNativeTarget;
			buildConfigurationList = 4BC7F84F22AEA1420033F1B7 /* Build configuration list for PBXNativeTarget "flesh" */;
			buildPhases = (
				4BC7F82322AEA1400033F1B7 /* Sources */,
				4BC7F82422AEA1400033F1B7 /* Frameworks */,
				4BC7F82522AEA1400033F1B7 /* Resources */,
			);
			buildRules = (
			);
			dependencies = (
			);
			name = flesh;
			productName = flesh;
			productReference = 4BC7F82722AEA1400033F1B7 /* flesh.app */;
			productType = "com.apple.product-type.application";
		};
		4BC7F83A22AEA1420033F1B7 /* fleshTests */ = {
			isa = PBXNativeTarget;
			buildConfigurationList = 4BC7F85222AEA1420033F1B7 /* Build configuration list for PBXNativeTarget "fleshTests" */;
			buildPhases = (
				4BC7F83722AEA1420033F1B7 /* Sources */,
				4BC7F83822AEA1420033F1B7 /* Frameworks */,
				4BC7F83922AEA1420033F1B7 /* Resources */,
			);
			buildRules = (
			);
			dependencies = (
				4BC7F83D22AEA1420033F1B7 /* PBXTargetDependency */,
			);
			name = fleshTests;
			productName = fleshTests;
			productReference = 4BC7F83B22AEA1420033F1B7 /* fleshTests.xctest */;
			productType = "com.apple.product-type.bundle.unit-test";
		};
		4BC7F84522AEA1420033F1B7 /* fleshUITests */ = {
			isa = PBXNativeTarget;
			buildConfigurationList = 4BC7F85522AEA1420033F1B7 /* Build configuration list for PBXNativeTarget "fleshUITests" */;
			buildPhases = (
				4BC7F84222AEA1420033F1B7 /* Sources */,
				4BC7F84322AEA1420033F1B7 /* Frameworks */,
				4BC7F84422AEA1420033F1B7 /* Resources */,
			);
			buildRules = (
			);
			dependencies = (
				4BC7F84822AEA1420033F1B7 /* PBXTargetDependency */,
			);
			name = fleshUITests;
			productName = fleshUITests;
			productReference = 4BC7F84622AEA1420033F1B7 /* fleshUITests.xctest */;
			productType = "com.apple.product-type.bundle.ui-testing";
		};
/* End PBXNativeTarget section */

/* Begin PBXProject section */
		4BC7F81F22AEA1400033F1B7 /* Project object */ = {
			isa = PBXProject;
			attributes = {
				LastSwiftUpdateCheck = 1010;
				LastUpgradeCheck = 1010;
				ORGANIZATIONNAME = "Ethan Xiang";
				TargetAttributes = {
					4BC7F82622AEA1400033F1B7 = {
						CreatedOnToolsVersion = 10.1;
					};
					4BC7F83A22AEA1420033F1B7 = {
						CreatedOnToolsVersion = 10.1;
						TestTargetID = 4BC7F82622AEA1400033F1B7;
					};
					4BC7F84522AEA1420033F1B7 = {
						CreatedOnToolsVersion = 10.1;
						TestTargetID = 4BC7F82622AEA1400033F1B7;
					};
				};
			};
			buildConfigurationList = 4BC7F82222AEA1400033F1B7 /* Build configuration list for PBXProject "flesh" */;
			compatibilityVersion = "Xcode 9.3";
			developmentRegion = en;
			hasScannedForEncodings = 0;
			knownRegions = (
				en,
				Base,
			);
			mainGroup = 4BC7F81E22AEA1400033F1B7;
			productRefGroup = 4BC7F82822AEA1400033F1B7 /* Products */;
			projectDirPath = "";
			projectRoot = "";
			targets = (
				4BC7F82622AEA1400033F1B7 /* flesh */,
				4BC7F83A22AEA1420033F1B7 /* fleshTests */,
				4BC7F84522AEA1420033F1B7 /* fleshUITests */,
			);
		};
/* End PBXProject section */

/* Begin PBXResourcesBuildPhase section */
		4BC7F82522AEA1400033F1B7 /* Resources */ = {
			isa = PBXResourcesBuildPhase;
			buildActionMask = 2147483647;
			files = (
				4BDBC0D822AEA8CE0018E1BD /* Images.xcassets in Resources */,
				4BC7F83522AEA1420033F1B7 /* LaunchScreen.storyboard in Resources */,
				4BC7F83022AEA1400033F1B7 /* Main.storyboard in Resources */,
			);
			runOnlyForDeploymentPostprocessing = 0;
		};
		4BC7F83922AEA1420033F1B7 /* Resources */ = {
			isa = PBXResourcesBuildPhase;
			buildActionMask = 2147483647;
			files = (
			);
			runOnlyForDeploymentPostprocessing = 0;
		};
		4BC7F84422AEA1420033F1B7 /* Resources */ = {
			isa = PBXResourcesBuildPhase;
			buildActionMask = 2147483647;
			files = (
			);
			runOnlyForDeploymentPostprocessing = 0;
		};
/* End PBXResourcesBuildPhase section */

/* Begin PBXSourcesBuildPhase section */
		4BC7F82322AEA1400033F1B7 /* Sources */ = {
			isa = PBXSourcesBuildPhase;
			buildActionMask = 2147483647;
			files = (
				4BC7F82D22AEA1400033F1B7 /* ViewController.swift in Sources */,
				4BC7F82B22AEA1400033F1B7 /* AppDelegate.swift in Sources */,
			);
			runOnlyForDeploymentPostprocessing = 0;
		};
		4BC7F83722AEA1420033F1B7 /* Sources */ = {
			isa = PBXSourcesBuildPhase;
			buildActionMask = 2147483647;
			files = (
				4BC7F84022AEA1420033F1B7 /* fleshTests.swift in Sources */,
			);
			runOnlyForDeploymentPostprocessing = 0;
		};
		4BC7F84222AEA1420033F1B7 /* Sources */ = {
			isa = PBXSourcesBuildPhase;
			buildActionMask = 2147483647;
			files = (
				4BC7F84B22AEA1420033F1B7 /* fleshUITests.swift in Sources */,
			);
			runOnlyForDeploymentPostprocessing = 0;
		};
/* End PBXSourcesBuildPhase section */

/* Begin PBXTargetDependency section */
		4BC7F83D22AEA1420033F1B7 /* PBXTargetDependency */ = {
			isa = PBXTargetDependency;
			target = 4BC7F82622AEA1400033F1B7 /* flesh */;
			targetProxy = 4BC7F83C22AEA1420033F1B7 /* PBXContainerItemProxy */;
		};
		4BC7F84822AEA1420033F1B7 /* PBXTargetDependency */ = {
			isa = PBXTargetDependency;
			target = 4BC7F82622AEA1400033F1B7 /* flesh */;
			targetProxy = 4BC7F84722AEA1420033F1B7 /* PBXContainerItemProxy */;
		};
/* End PBXTargetDependency section */

/* Begin PBXVariantGroup section */
		4BC7F82E22AEA1400033F1B7 /* Main.storyboard */ = {
			isa = PBXVariantGroup;
			children = (
				4BC7F82F22AEA1400033F1B7 /* Base */,
			);
			name = Main.storyboard;
			sourceTree = "<group>";
		};
		4BC7F83322AEA1420033F1B7 /* LaunchScreen.storyboard */ = {
			isa = PBXVariantGroup;
			children = (
				4BC7F83422AEA1420033F1B7 /* Base */,
			);
			name = LaunchScreen.storyboard;
			sourceTree = "<group>";
		};
/* End PBXVariantGroup section */

/* Begin XCBuildConfiguration section */
		4BC7F84D22AEA1420033F1B7 /* Debug */ = {
			isa = XCBuildConfiguration;
			buildSettings = {
				ALWAYS_SEARCH_USER_PATHS = NO;
				CLANG_ANALYZER_NONNULL = YES;
				CLANG_ANALYZER_NUMBER_OBJECT_CONVERSION = YES_AGGRESSIVE;
				CLANG_CXX_LANGUAGE_STANDARD = "gnu++14";
				CLANG_CXX_LIBRARY = "libc++";
				CLANG_ENABLE_MODULES = YES;
				CLANG_ENABLE_OBJC_ARC = YES;
				CLANG_ENABLE_OBJC_WEAK = YES;
				CLANG_WARN_BLOCK_CAPTURE_AUTORELEASING = YES;
				CLANG_WARN_BOOL_CONVERSION = YES;
				CLANG_WARN_COMMA = YES;
				CLANG_WARN_CONSTANT_CONVERSION = YES;
				CLANG_WARN_DEPRECATED_OBJC_IMPLEMENTATIONS = YES;
				CLANG_WARN_DIRECT_OBJC_ISA_USAGE = YES_ERROR;
				CLANG_WARN_DOCUMENTATION_COMMENTS = YES;
				CLANG_WARN_EMPTY_BODY = YES;
				CLANG_WARN_ENUM_CONVERSION = YES;
				CLANG_WARN_INFINITE_RECURSION = YES;
				CLANG_WARN_INT_CONVERSION = YES;
				CLANG_WARN_NON_LITERAL_NULL_CONVERSION = YES;
				CLANG_WARN_OBJC_IMPLICIT_RETAIN_SELF = YES;
				CLANG_WARN_OBJC_LITERAL_CONVERSION = YES;
				CLANG_WARN_OBJC_ROOT_CLASS = YES_ERROR;
				CLANG_WARN_RANGE_LOOP_ANALYSIS = YES;
				CLANG_WARN_STRICT_PROTOTYPES = YES;
				CLANG_WARN_SUSPICIOUS_MOVE = YES;
				CLANG_WARN_UNGUARDED_AVAILABILITY = YES_AGGRESSIVE;
				CLANG_WARN_UNREACHABLE_CODE = YES;
				CLANG_WARN__DUPLICATE_METHOD_MATCH = YES;
				CODE_SIGN_IDENTITY = "iPhone Developer";
				COPY_PHASE_STRIP = NO;
				DEBUG_INFORMATION_FORMAT = dwarf;
				ENABLE_STRICT_OBJC_MSGSEND = YES;
				ENABLE_TESTABILITY = YES;
				GCC_C_LANGUAGE_STANDARD = gnu11;
				GCC_DYNAMIC_NO_PIC = NO;
				GCC_NO_COMMON_BLOCKS = YES;
				GCC_OPTIMIZATION_LEVEL = 0;
				GCC_PREPROCESSOR_DEFINITIONS = (
					"DEBUG=1",
					"$(inherited)",
				);
				GCC_WARN_64_TO_32_BIT_CONVERSION = YES;
				GCC_WARN_ABOUT_RETURN_TYPE = YES_ERROR;
				GCC_WARN_UNDECLARED_SELECTOR = YES;
				GCC_WARN_UNINITIALIZED_AUTOS = YES_AGGRESSIVE;
				GCC_WARN_UNUSED_FUNCTION = YES;
				GCC_WARN_UNUSED_VARIABLE = YES;
				IPHONEOS_DEPLOYMENT_TARGET = 12.1;
				MTL_ENABLE_DEBUG_INFO = INCLUDE_SOURCE;
				MTL_FAST_MATH = YES;
				ONLY_ACTIVE_ARCH = YES;
				SDKROOT = iphoneos;
				SWIFT_ACTIVE_COMPILATION_CONDITIONS = DEBUG;
				SWIFT_OPTIMIZATION_LEVEL = "-Onone";
			};
			name = Debug;
		};
		4BC7F84E22AEA1420033F1B7 /* Release */ = {
			isa = XCBuildConfiguration;
			buildSettings = {
				ALWAYS_SEARCH_USER_PATHS = NO;
				CLANG_ANALYZER_NONNULL = YES;
				CLANG_ANALYZER_NUMBER_OBJECT_CONVERSION = YES_AGGRESSIVE;
				CLANG_CXX_LANGUAGE_STANDARD = "gnu++14";
				CLANG_CXX_LIBRARY = "libc++";
				CLANG_ENABLE_MODULES = YES;
				CLANG_ENABLE_OBJC_ARC = YES;
				CLANG_ENABLE_OBJC_WEAK = YES;
				CLANG_WARN_BLOCK_CAPTURE_AUTORELEASING = YES;
				CLANG_WARN_BOOL_CONVERSION = YES;
				CLANG_WARN_COMMA = YES;
				CLANG_WARN_CONSTANT_CONVERSION = YES;
				CLANG_WARN_DEPRECATED_OBJC_IMPLEMENTATIONS = YES;
				CLANG_WARN_DIRECT_OBJC_ISA_USAGE = YES_ERROR;
				CLANG_WARN_DOCUMENTATION_COMMENTS = YES;
				CLANG_WARN_EMPTY_BODY = YES;
				CLANG_WARN_ENUM_CONVERSION = YES;
				CLANG_WARN_INFINITE_RECURSION = YES;
				CLANG_WARN_INT_CONVERSION = YES;
				CLANG_WARN_NON_LITERAL_NULL_CONVERSION = YES;
				CLANG_WARN_OBJC_IMPLICIT_RETAIN_SELF = YES;
				CLANG_WARN_OBJC_LITERAL_CONVERSION = YES;
				CLANG_WARN_OBJC_ROOT_CLASS = YES_ERROR;
				CLANG_WARN_RANGE_LOOP_ANALYSIS = YES;
				CLANG_WARN_STRICT_PROTOTYPES = YES;
				CLANG_WARN_SUSPICIOUS_MOVE = YES;
				CLANG_WARN_UNGUARDED_AVAILABILITY = YES_AGGRESSIVE;
				CLANG_WARN_UNREACHABLE_CODE = YES;
				CLANG_WARN__DUPLICATE_METHOD_MATCH = YES;
				CODE_SIGN_IDENTITY = "iPhone Developer";
				COPY_PHASE_STRIP = NO;
				DEBUG_INFORMATION_FORMAT = "dwarf-with-dsym";
				ENABLE_NS_ASSERTIONS = NO;
				ENABLE_STRICT_OBJC_MSGSEND = YES;
				GCC_C_LANGUAGE_STANDARD = gnu11;
				GCC_NO_COMMON_BLOCKS = YES;
				GCC_WARN_64_TO_32_BIT_CONVERSION = YES;
				GCC_WARN_ABOUT_RETURN_TYPE = YES_ERROR;
				GCC_WARN_UNDECLARED_SELECTOR = YES;
				GCC_WARN_UNINITIALIZED_AUTOS = YES_AGGRESSIVE;
				GCC_WARN_UNUSED_FUNCTION = YES;
				GCC_WARN_UNUSED_VARIABLE = YES;
				IPHONEOS_DEPLOYMENT_TARGET = 12.1;
				MTL_ENABLE_DEBUG_INFO = NO;
				MTL_FAST_MATH = YES;
				SDKROOT = iphoneos;
				SWIFT_COMPILATION_MODE = wholemodule;
				SWIFT_OPTIMIZATION_LEVEL = "-O";
				VALIDATE_PRODUCT = YES;
			};
			name = Release;
		};
		4BC7F85022AEA1420033F1B7 /* Debug */ = {
			isa = XCBuildConfiguration;
			buildSettings = {
				ASSETCATALOG_COMPILER_APPICON_NAME = AppIcon;
				ASSETCATALOG_COMPILER_LAUNCHIMAGE_NAME = LaunchImage;
				CODE_SIGN_STYLE = Automatic;
				INFOPLIST_FILE = flesh/Info.plist;
				LD_RUNPATH_SEARCH_PATHS = (
					"$(inherited)",
					"@executable_path/Frameworks",
				);
				PRODUCT_BUNDLE_IDENTIFIER = com.flybd.flesh;
				PRODUCT_NAME = "$(TARGET_NAME)";
				SWIFT_VERSION = 4.2;
				TARGETED_DEVICE_FAMILY = "1,2";
			};
			name = Debug;
		};
		4BC7F85122AEA1420033F1B7 /* Release */ = {
			isa = XCBuildConfiguration;
			buildSettings = {
				ASSETCATALOG_COMPILER_APPICON_NAME = AppIcon;
				ASSETCATALOG_COMPILER_LAUNCHIMAGE_NAME = LaunchImage;
				CODE_SIGN_STYLE = Automatic;
				INFOPLIST_FILE = flesh/Info.plist;
				LD_RUNPATH_SEARCH_PATHS = (
					"$(inherited)",
					"@executable_path/Frameworks",
				);
				PRODUCT_BUNDLE_IDENTIFIER = com.flybd.flesh;
				PRODUCT_NAME = "$(TARGET_NAME)";
				SWIFT_VERSION = 4.2;
				TARGETED_DEVICE_FAMILY = "1,2";
			};
			name = Release;
		};
		4BC7F85322AEA1420033F1B7 /* Debug */ = {
			isa = XCBuildConfiguration;
			buildSettings = {
				ALWAYS_EMBED_SWIFT_STANDARD_LIBRARIES = YES;
				BUNDLE_LOADER = "$(TEST_HOST)";
				CODE_SIGN_STYLE = Automatic;
				INFOPLIST_FILE = fleshTests/Info.plist;
				LD_RUNPATH_SEARCH_PATHS = (
					"$(inherited)",
					"@executable_path/Frameworks",
					"@loader_path/Frameworks",
				);
				PRODUCT_BUNDLE_IDENTIFIER = com.flybd.fleshTests;
				PRODUCT_NAME = "$(TARGET_NAME)";
				SWIFT_VERSION = 4.2;
				TARGETED_DEVICE_FAMILY = "1,2";
				TEST_HOST = "$(BUILT_PRODUCTS_DIR)/flesh.app/flesh";
			};
			name = Debug;
		};
		4BC7F85422AEA1420033F1B7 /* Release */ = {
			isa = XCBuildConfiguration;
			buildSettings = {
				ALWAYS_EMBED_SWIFT_STANDARD_LIBRARIES = YES;
				BUNDLE_LOADER = "$(TEST_HOST)";
				CODE_SIGN_STYLE = Automatic;
				INFOPLIST_FILE = fleshTests/Info.plist;
				LD_RUNPATH_SEARCH_PATHS = (
					"$(inherited)",
					"@executable_path/Frameworks",
					"@loader_path/Frameworks",
				);
				PRODUCT_BUNDLE_IDENTIFIER = com.flybd.fleshTests;
				PRODUCT_NAME = "$(TARGET_NAME)";
				SWIFT_VERSION = 4.2;
				TARGETED_DEVICE_FAMILY = "1,2";
				TEST_HOST = "$(BUILT_PRODUCTS_DIR)/flesh.app/flesh";
			};
			name = Release;
		};
		4BC7F85622AEA1420033F1B7 /* Debug */ = {
			isa = XCBuildConfiguration;
			buildSettings = {
				ALWAYS_EMBED_SWIFT_STANDARD_LIBRARIES = YES;
				CODE_SIGN_STYLE = Automatic;
				INFOPLIST_FILE = fleshUITests/Info.plist;
				LD_RUNPATH_SEARCH_PATHS = (
					"$(inherited)",
					"@executable_path/Frameworks",
					"@loader_path/Frameworks",
				);
				PRODUCT_BUNDLE_IDENTIFIER = com.flybd.fleshUITests;
				PRODUCT_NAME = "$(TARGET_NAME)";
				SWIFT_VERSION = 4.2;
				TARGETED_DEVICE_FAMILY = "1,2";
				TEST_TARGET_NAME = flesh;
			};
			name = Debug;
		};
		4BC7F85722AEA1420033F1B7 /* Release */ = {
			isa = XCBuildConfiguration;
			buildSettings = {
				ALWAYS_EMBED_SWIFT_STANDARD_LIBRARIES = YES;
				CODE_SIGN_STYLE = Automatic;
				INFOPLIST_FILE = fleshUITests/Info.plist;
				LD_RUNPATH_SEARCH_PATHS = (
					"$(inherited)",
					"@executable_path/Frameworks",
					"@loader_path/Frameworks",
				);
				PRODUCT_BUNDLE_IDENTIFIER = com.flybd.fleshUITests;
				PRODUCT_NAME = "$(TARGET_NAME)";
				SWIFT_VERSION = 4.2;
				TARGETED_DEVICE_FAMILY = "1,2";
				TEST_TARGET_NAME = flesh;
			};
			name = Release;
		};
/* End XCBuildConfiguration section */

/* Begin XCConfigurationList section */
		4BC7F82222AEA1400033F1B7 /* Build configuration list for PBXProject "flesh" */ = {
			isa = XCConfigurationList;
			buildConfigurations = (
				4BC7F84D22AEA1420033F1B7 /* Debug */,
				4BC7F84E22AEA1420033F1B7 /* Release */,
			);
			defaultConfigurationIsVisible = 0;
			defaultConfigurationName = Release;
		};
		4BC7F84F22AEA1420033F1B7 /* Build configuration list for PBXNativeTarget "flesh" */ = {
			isa = XCConfigurationList;
			buildConfigurations = (
				4BC7F85022AEA1420033F1B7 /* Debug */,
				4BC7F85122AEA1420033F1B7 /* Release */,
			);
			defaultConfigurationIsVisible = 0;
			defaultConfigurationName = Release;
		};
		4BC7F85222AEA1420033F1B7 /* Build configuration list for PBXNativeTarget "fleshTests" */ = {
			isa = XCConfigurationList;
			buildConfigurations = (
				4BC7F85322AEA1420033F1B7 /* Debug */,
				4BC7F85422AEA1420033F1B7 /* Release */,
			);
			defaultConfigurationIsVisible = 0;
			defaultConfigurationName = Release;
		};
		4BC7F85522AEA1420033F1B7 /* Build configuration list for PBXNativeTarget "fleshUITests" */ = {
			isa = XCConfigurationList;
			buildConfigurations = (
				4BC7F85622AEA1420033F1B7 /* Debug */,
				4BC7F85722AEA1420033F1B7 /* Release */,
			);
			defaultConfigurationIsVisible = 0;
			defaultConfigurationName = Release;
		};
/* End XCConfigurationList section */
	};
	rootObject = 4BC7F81F22AEA1400033F1B7 /* Project object */;
}
